{
  "name": "tic-tac-toe-2.0",
  "version": "1.0.0",
  "lockfileVersion": 1,
  "requires": true,
  "dependencies": {
    "mock-stdin": {
      "version": "0.3.1",
      "resolved": "https://registry.npmjs.org/mock-stdin/-/mock-stdin-0.3.1.tgz",
      "integrity": "sha1-xlfZZC2QeGQ1xkyl6Zu9TQm9fdM="
    },
    "module-alias": {
      "version": "2.1.0",
      "resolved": "https://registry.npmjs.org/module-alias/-/module-alias-2.1.0.tgz",
      "integrity": "sha1-w21P0V9/nXES9i+gFThee2WihsE="
    }
  }
}
